PODS:
  - Flutter (1.0.0)
  - flutter_beep (0.0.1):
    - Flutter
  - qrcode_forked (0.0.1):
    - Flutter
  - torch_controller (0.1.2):
    - Flutter

DEPENDENCIES:
  - Flutter (from `Flutter`)
  - flutter_beep (from `.symlinks/plugins/flutter_beep/ios`)
  - qrcode_forked (from `.symlinks/plugins/qrcode_forked/ios`)
  - torch_controller (from `.symlinks/plugins/torch_controller/ios`)

EXTERNAL SOURCES:
  Flutter:
    :path: Flutter
  flutter_beep:
    :path: ".symlinks/plugins/flutter_beep/ios"
  qrcode_forked:
    :path: ".symlinks/plugins/qrcode_forked/ios"
  torch_controller:
    :path: ".symlinks/plugins/torch_controller/ios"

SPEC CHECKSUMS:
  Flutter: e0871f40cf51350855a761d2e70bf5af5b9b5de7
  flutter_beep: 54fb393b22dfa0f0e4573c81b1c74dd71c4e5af8
  qrcode_forked: 29fb841ce02e39e4760247a3cde082651620336f
  torch_controller: b9e6c3deaf9a6092aad39e48d3e0210e573f2505

PODFILE CHECKSUM: c4c93c5f6502fe2754f48404d3594bf779584011

COCOAPODS: 1.15.0
